{
  "name": "test",
  "version": "0.0.1",
  "lockfileVersion": 1,
  "requires": true,
  "dependencies": {
    "@lir0sis/math": {
      "version": "0.0.1",
      "resolved": "https://registry.npmjs.org/@lir0sis/math/-/math-0.0.1.tgz",
      "integrity": "sha512-tcqusNSSuBHPOLfnaYQxzbIPCRYG6Nzi4IqpY1CbgMxTTggYNV3spWRENNGZeuJzrs/1ywT0IlzIUUJ9n4G5uQ=="
    }
  }
}
